id: apcma_sdr_apcma_tx
label: apcma tx
category: "[Apcma_sdr]"
templates:
    imports: from gnuradio import apcma_sdr
    make: apcma_sdr.apcma_tx(${sf}, ${bw}, ${n_bit}, ${n_pulse}, ${start_var}, ${end_var})
parameters:
    - id: sf
      label: Sf
      default: " 7"
      dtype: int
    - id: bw
      label: Bw
      default: " 250000"
      dtype: int
    - id: n_bit
      label: N_bit
      default: " 4"
      dtype: int
    - id: n_pulse
      label: N_pulse
      default: " 4"
      dtype: int
    - id: start_var
      label: Start_var
      default: " 1"
      dtype: int
    - id: end_var
      label: End_var
      default: " 8"
      dtype: int
outputs:
    - label: out
      domain: stream
      dtype: complex
file_format: 1
